// !$*UTF8*$!
{
	archiveVersion = 1;
	classes = {
	};
	objectVersion = 46;
	objects = {

/* Begin PBXBuildFile section */
		BD0701C3214B10150065C97F /* CollectionViewLayout+Extensions.swift in Sources */ = {isa = PBXBuildFile; fileRef = BD0701C2214B10150065C97F /* CollectionViewLayout+Extensions.swift */; };
		BD0701C4214B10150065C97F /* CollectionViewLayout+Extensions.swift in Sources */ = {isa = PBXBuildFile; fileRef = BD0701C2214B10150065C97F /* CollectionViewLayout+Extensions.swift */; };
		BD0701C5214B10150065C97F /* CollectionViewLayout+Extensions.swift in Sources */ = {isa = PBXBuildFile; fileRef = BD0701C2214B10150065C97F /* CollectionViewLayout+Extensions.swift */; };
		BD2C456E21385A2D00C17BD6 /* CollectionView+Extensions.swift in Sources */ = {isa = PBXBuildFile; fileRef = BD2C456D21385A2D00C17BD6 /* CollectionView+Extensions.swift */; };
		BD2C456F21385A2D00C17BD6 /* CollectionView+Extensions.swift in Sources */ = {isa = PBXBuildFile; fileRef = BD2C456D21385A2D00C17BD6 /* CollectionView+Extensions.swift */; };
		BD2C457121385AD900C17BD6 /* TableView+Extensions.swift in Sources */ = {isa = PBXBuildFile; fileRef = BD2C457021385AD900C17BD6 /* TableView+Extensions.swift */; };
		BD2C457221385AD900C17BD6 /* TableView+Extensions.swift in Sources */ = {isa = PBXBuildFile; fileRef = BD2C457021385AD900C17BD6 /* TableView+Extensions.swift */; };
		BD2C457321385BAD00C17BD6 /* CollectionView+Extensions.swift in Sources */ = {isa = PBXBuildFile; fileRef = BD2C456D21385A2D00C17BD6 /* CollectionView+Extensions.swift */; };
		BD2C457421385BB600C17BD6 /* TableView+Extensions.swift in Sources */ = {isa = PBXBuildFile; fileRef = BD2C457021385AD900C17BD6 /* TableView+Extensions.swift */; };
		BD2F6E6420C93B3200621BC8 /* UIScreenTests.swift in Sources */ = {isa = PBXBuildFile; fileRef = BD2F6E6320C93B3200621BC8 /* UIScreenTests.swift */; };
		BD4B8C4A20C860CB00836815 /* TypeAlias.swift in Sources */ = {isa = PBXBuildFile; fileRef = BD4B8C4920C860CB00836815 /* TypeAlias.swift */; };
		BD4B8C4B20C860CB00836815 /* TypeAlias.swift in Sources */ = {isa = PBXBuildFile; fileRef = BD4B8C4920C860CB00836815 /* TypeAlias.swift */; };
		BD4B8C4C20C860CB00836815 /* TypeAlias.swift in Sources */ = {isa = PBXBuildFile; fileRef = BD4B8C4920C860CB00836815 /* TypeAlias.swift */; };
		BD592EB820B837BB006DE955 /* NSViewController+Extensions.swift in Sources */ = {isa = PBXBuildFile; fileRef = BD592EB720B837BB006DE955 /* NSViewController+Extensions.swift */; };
		BD5FC7EF20B8054500A08D21 /* InjectionTests.swift in Sources */ = {isa = PBXBuildFile; fileRef = BD5FC7EE20B8054500A08D21 /* InjectionTests.swift */; };
		BD5FC7F020B8054500A08D21 /* InjectionTests.swift in Sources */ = {isa = PBXBuildFile; fileRef = BD5FC7EE20B8054500A08D21 /* InjectionTests.swift */; };
		BD5FC7F120B8054500A08D21 /* InjectionTests.swift in Sources */ = {isa = PBXBuildFile; fileRef = BD5FC7EE20B8054500A08D21 /* InjectionTests.swift */; };
		BD5FC7F320B80D8500A08D21 /* UIViewController+Extensions.swift in Sources */ = {isa = PBXBuildFile; fileRef = BD5FC7F220B80D8500A08D21 /* UIViewController+Extensions.swift */; };
		BD5FC7F420B80D8500A08D21 /* UIViewController+Extensions.swift in Sources */ = {isa = PBXBuildFile; fileRef = BD5FC7F220B80D8500A08D21 /* UIViewController+Extensions.swift */; };
		BD6AC87220B6D5C800CBE8BA /* UIApplicationDelegate+Extensions.swift in Sources */ = {isa = PBXBuildFile; fileRef = BD6AC87120B6D5C800CBE8BA /* UIApplicationDelegate+Extensions.swift */; };
		BD6AC87320B6D5C800CBE8BA /* UIApplicationDelegate+Extensions.swift in Sources */ = {isa = PBXBuildFile; fileRef = BD6AC87120B6D5C800CBE8BA /* UIApplicationDelegate+Extensions.swift */; };
		BD6AC87520B6D5ED00CBE8BA /* NSApplicationDelegate+Extensions.swift in Sources */ = {isa = PBXBuildFile; fileRef = BD6AC87420B6D5ED00CBE8BA /* NSApplicationDelegate+Extensions.swift */; };
		BD6AC87720B6D61B00CBE8BA /* NSObject+Extensions.swift in Sources */ = {isa = PBXBuildFile; fileRef = BD6AC87620B6D61B00CBE8BA /* NSObject+Extensions.swift */; };
		BD6AC87820B6D61B00CBE8BA /* NSObject+Extensions.swift in Sources */ = {isa = PBXBuildFile; fileRef = BD6AC87620B6D61B00CBE8BA /* NSObject+Extensions.swift */; };
		BD6AC87920B6D61B00CBE8BA /* NSObject+Extensions.swift in Sources */ = {isa = PBXBuildFile; fileRef = BD6AC87620B6D61B00CBE8BA /* NSObject+Extensions.swift */; };
		BD6F515F20B73A6E001E113B /* Utilities.swift in Sources */ = {isa = PBXBuildFile; fileRef = BD6F515E20B73A6E001E113B /* Utilities.swift */; };
		BD6F516020B73A6E001E113B /* Utilities.swift in Sources */ = {isa = PBXBuildFile; fileRef = BD6F515E20B73A6E001E113B /* Utilities.swift */; };
		BD6F516120B73A6E001E113B /* Utilities.swift in Sources */ = {isa = PBXBuildFile; fileRef = BD6F515E20B73A6E001E113B /* Utilities.swift */; };
		BD6F516320B73CC6001E113B /* ViewControllerTests.swift in Sources */ = {isa = PBXBuildFile; fileRef = BD6F516220B73CC6001E113B /* ViewControllerTests.swift */; };
		BD6F516520B74455001E113B /* UIApplicationDelegateTests.swift in Sources */ = {isa = PBXBuildFile; fileRef = BD6F516420B74455001E113B /* UIApplicationDelegateTests.swift */; };
		BD6F516620B74455001E113B /* UIApplicationDelegateTests.swift in Sources */ = {isa = PBXBuildFile; fileRef = BD6F516420B74455001E113B /* UIApplicationDelegateTests.swift */; };
		BD6F516820B74475001E113B /* ViewControllerTests.swift in Sources */ = {isa = PBXBuildFile; fileRef = BD6F516720B74475001E113B /* ViewControllerTests.swift */; };
		BD6F516920B74475001E113B /* ViewControllerTests.swift in Sources */ = {isa = PBXBuildFile; fileRef = BD6F516720B74475001E113B /* ViewControllerTests.swift */; };
		BD6F516B20B7D6BA001E113B /* Injection.swift in Sources */ = {isa = PBXBuildFile; fileRef = BD6F516A20B7D6BA001E113B /* Injection.swift */; };
		BD6F516C20B7D6BA001E113B /* Injection.swift in Sources */ = {isa = PBXBuildFile; fileRef = BD6F516A20B7D6BA001E113B /* Injection.swift */; };
		BD6F516D20B7D6BA001E113B /* Injection.swift in Sources */ = {isa = PBXBuildFile; fileRef = BD6F516A20B7D6BA001E113B /* Injection.swift */; };
		BD7242C720CFBE760006DCF7 /* Swizzling.swift in Sources */ = {isa = PBXBuildFile; fileRef = BD7242C620CFBE760006DCF7 /* Swizzling.swift */; };
		BD7242C820CFBE760006DCF7 /* Swizzling.swift in Sources */ = {isa = PBXBuildFile; fileRef = BD7242C620CFBE760006DCF7 /* Swizzling.swift */; };
		BD7242C920CFBE760006DCF7 /* Swizzling.swift in Sources */ = {isa = PBXBuildFile; fileRef = BD7242C620CFBE760006DCF7 /* Swizzling.swift */; };
		BD7242CB20CFBF080006DCF7 /* DispatchQueue.swift in Sources */ = {isa = PBXBuildFile; fileRef = BD7242CA20CFBF080006DCF7 /* DispatchQueue.swift */; };
		BD7242CC20CFBF080006DCF7 /* DispatchQueue.swift in Sources */ = {isa = PBXBuildFile; fileRef = BD7242CA20CFBF080006DCF7 /* DispatchQueue.swift */; };
		BD7242CD20CFBF080006DCF7 /* DispatchQueue.swift in Sources */ = {isa = PBXBuildFile; fileRef = BD7242CA20CFBF080006DCF7 /* DispatchQueue.swift */; };
		BD7242CF20CFC0CB0006DCF7 /* ViewController+Extensions.swift in Sources */ = {isa = PBXBuildFile; fileRef = BD7242CE20CFC0CB0006DCF7 /* ViewController+Extensions.swift */; };
		BD7242D020CFC0CB0006DCF7 /* ViewController+Extensions.swift in Sources */ = {isa = PBXBuildFile; fileRef = BD7242CE20CFC0CB0006DCF7 /* ViewController+Extensions.swift */; };
		BD7242D120CFC0CB0006DCF7 /* ViewController+Extensions.swift in Sources */ = {isa = PBXBuildFile; fileRef = BD7242CE20CFC0CB0006DCF7 /* ViewController+Extensions.swift */; };
		BDEA432620C9216C00CF30A2 /* UIScreen+Extensions.swift in Sources */ = {isa = PBXBuildFile; fileRef = BDEA432520C9216C00CF30A2 /* UIScreen+Extensions.swift */; };
		BDEA432B20C921B600CF30A2 /* Device.swift in Sources */ = {isa = PBXBuildFile; fileRef = BDEA432A20C921B600CF30A2 /* Device.swift */; };
		BDFC75882135307B001610EC /* View+Extensions.swift in Sources */ = {isa = PBXBuildFile; fileRef = BDFC75872135307B001610EC /* View+Extensions.swift */; };
		BDFC75892135307B001610EC /* View+Extensions.swift in Sources */ = {isa = PBXBuildFile; fileRef = BDFC75872135307B001610EC /* View+Extensions.swift */; };
		BDFC758A2135307B001610EC /* View+Extensions.swift in Sources */ = {isa = PBXBuildFile; fileRef = BDFC75872135307B001610EC /* View+Extensions.swift */; };
		D284B1051F79038B00D94AF3 /* Vaccine.framework in Frameworks */ = {isa = PBXBuildFile; fileRef = D284B0FC1F79038B00D94AF3 /* Vaccine.framework */; };
		D284B1441F7908B100D94AF3 /* NSObjectTests.swift in Sources */ = {isa = PBXBuildFile; fileRef = D284B1321F7906DA00D94AF3 /* NSObjectTests.swift */; };
		D284B1451F7908B200D94AF3 /* NSObjectTests.swift in Sources */ = {isa = PBXBuildFile; fileRef = D284B1321F7906DA00D94AF3 /* NSObjectTests.swift */; };
		D284B1461F7908B300D94AF3 /* NSObjectTests.swift in Sources */ = {isa = PBXBuildFile; fileRef = D284B1321F7906DA00D94AF3 /* NSObjectTests.swift */; };
		D284B1471F7908B800D94AF3 /* iOStvOSTests.swift in Sources */ = {isa = PBXBuildFile; fileRef = D284B1361F7906DA00D94AF3 /* iOStvOSTests.swift */; };
		D284B1481F7908BB00D94AF3 /* NSApplicationDelegateTests.swift in Sources */ = {isa = PBXBuildFile; fileRef = D284B12E1F7906DA00D94AF3 /* NSApplicationDelegateTests.swift */; };
		D5B2E8AA1C3A780C00C0327D /* Vaccine.framework in Frameworks */ = {isa = PBXBuildFile; fileRef = D5B2E89F1C3A780C00C0327D /* Vaccine.framework */; };
		D5C6294A1C3A7FAA007F7B7C /* Vaccine.framework in Frameworks */ = {isa = PBXBuildFile; fileRef = D5C629401C3A7FAA007F7B7C /* Vaccine.framework */; };
/* End PBXBuildFile section */

/* Begin PBXContainerItemProxy section */
		D284B1061F79038B00D94AF3 /* PBXContainerItemProxy */ = {
			isa = PBXContainerItemProxy;
			containerPortal = D5B2E8961C3A780C00C0327D /* Project object */;
			proxyType = 1;
			remoteGlobalIDString = D284B0FB1F79038B00D94AF3;
			remoteInfo = "Vaccine-tvOS";
		};
		D5B2E8AB1C3A780C00C0327D /* PBXContainerItemProxy */ = {
			isa = PBXContainerItemProxy;
			containerPortal = D5B2E8961C3A780C00C0327D /* Project object */;
			proxyType = 1;
			remoteGlobalIDString = D5B2E89E1C3A780C00C0327D;
			remoteInfo = Vaccine;
		};
		D5C6294B1C3A7FAA007F7B7C /* PBXContainerItemProxy */ = {
			isa = PBXContainerItemProxy;
			containerPortal = D5B2E8961C3A780C00C0327D /* Project object */;
			proxyType = 1;
			remoteGlobalIDString = D5C6293F1C3A7FAA007F7B7C;
			remoteInfo = "Vaccine-Mac";
		};
/* End PBXContainerItemProxy section */

/* Begin PBXFileReference section */
		BD0701C2214B10150065C97F /* CollectionViewLayout+Extensions.swift */ = {isa = PBXFileReference; lastKnownFileType = sourcecode.swift; path = "CollectionViewLayout+Extensions.swift"; sourceTree = "<group>"; };
		BD2C456D21385A2D00C17BD6 /* CollectionView+Extensions.swift */ = {isa = PBXFileReference; lastKnownFileType = sourcecode.swift; path = "CollectionView+Extensions.swift"; sourceTree = "<group>"; };
		BD2C457021385AD900C17BD6 /* TableView+Extensions.swift */ = {isa = PBXFileReference; lastKnownFileType = sourcecode.swift; path = "TableView+Extensions.swift"; sourceTree = "<group>"; };
		BD2F6E6320C93B3200621BC8 /* UIScreenTests.swift */ = {isa = PBXFileReference; lastKnownFileType = sourcecode.swift; path = UIScreenTests.swift; sourceTree = "<group>"; };
		BD4B8C4920C860CB00836815 /* TypeAlias.swift */ = {isa = PBXFileReference; lastKnownFileType = sourcecode.swift; path = TypeAlias.swift; sourceTree = "<group>"; };
		BD592EB720B837BB006DE955 /* NSViewController+Extensions.swift */ = {isa = PBXFileReference; lastKnownFileType = sourcecode.swift; path = "NSViewController+Extensions.swift"; sourceTree = "<group>"; };
		BD5FC7EE20B8054500A08D21 /* InjectionTests.swift */ = {isa = PBXFileReference; lastKnownFileType = sourcecode.swift; path = InjectionTests.swift; sourceTree = "<group>"; };
		BD5FC7F220B80D8500A08D21 /* UIViewController+Extensions.swift */ = {isa = PBXFileReference; lastKnownFileType = sourcecode.swift; path = "UIViewController+Extensions.swift"; sourceTree = "<group>"; };
		BD6AC87120B6D5C800CBE8BA /* UIApplicationDelegate+Extensions.swift */ = {isa = PBXFileReference; lastKnownFileType = sourcecode.swift; path = "UIApplicationDelegate+Extensions.swift"; sourceTree = "<group>"; };
		BD6AC87420B6D5ED00CBE8BA /* NSApplicationDelegate+Extensions.swift */ = {isa = PBXFileReference; lastKnownFileType = sourcecode.swift; path = "NSApplicationDelegate+Extensions.swift"; sourceTree = "<group>"; };
		BD6AC87620B6D61B00CBE8BA /* NSObject+Extensions.swift */ = {isa = PBXFileReference; lastKnownFileType = sourcecode.swift; path = "NSObject+Extensions.swift"; sourceTree = "<group>"; };
		BD6AC87A20B6D65700CBE8BA /* Vaccine.podspec */ = {isa = PBXFileReference; lastKnownFileType = text; path = Vaccine.podspec; sourceTree = "<group>"; xcLanguageSpecificationIdentifier = xcode.lang.ruby; };
		BD6AC87B20B6D65700CBE8BA /* README.md */ = {isa = PBXFileReference; lastKnownFileType = net.daringfireball.markdown; path = README.md; sourceTree = "<group>"; };
		BD6F515E20B73A6E001E113B /* Utilities.swift */ = {isa = PBXFileReference; lastKnownFileType = sourcecode.swift; path = Utilities.swift; sourceTree = "<group>"; };
		BD6F516220B73CC6001E113B /* ViewControllerTests.swift */ = {isa = PBXFileReference; lastKnownFileType = sourcecode.swift; path = ViewControllerTests.swift; sourceTree = "<group>"; };
		BD6F516420B74455001E113B /* UIApplicationDelegateTests.swift */ = {isa = PBXFileReference; lastKnownFileType = sourcecode.swift; path = UIApplicationDelegateTests.swift; sourceTree = "<group>"; };
		BD6F516720B74475001E113B /* ViewControllerTests.swift */ = {isa = PBXFileReference; lastKnownFileType = sourcecode.swift; path = ViewControllerTests.swift; sourceTree = "<group>"; };
		BD6F516A20B7D6BA001E113B /* Injection.swift */ = {isa = PBXFileReference; lastKnownFileType = sourcecode.swift; path = Injection.swift; sourceTree = "<group>"; };
		BD7242C620CFBE760006DCF7 /* Swizzling.swift */ = {isa = PBXFileReference; lastKnownFileType = sourcecode.swift; path = Swizzling.swift; sourceTree = "<group>"; };
		BD7242CA20CFBF080006DCF7 /* DispatchQueue.swift */ = {isa = PBXFileReference; lastKnownFileType = sourcecode.swift; path = DispatchQueue.swift; sourceTree = "<group>"; };
		BD7242CE20CFC0CB0006DCF7 /* ViewController+Extensions.swift */ = {isa = PBXFileReference; lastKnownFileType = sourcecode.swift; path = "ViewController+Extensions.swift"; sourceTree = "<group>"; };
		BDEA432520C9216C00CF30A2 /* UIScreen+Extensions.swift */ = {isa = PBXFileReference; lastKnownFileType = sourcecode.swift; path = "UIScreen+Extensions.swift"; sourceTree = "<group>"; };
		BDEA432A20C921B600CF30A2 /* Device.swift */ = {isa = PBXFileReference; lastKnownFileType = sourcecode.swift; path = Device.swift; sourceTree = "<group>"; };
		BDFC75872135307B001610EC /* View+Extensions.swift */ = {isa = PBXFileReference; lastKnownFileType = sourcecode.swift; path = "View+Extensions.swift"; sourceTree = "<group>"; };
		D284B0FC1F79038B00D94AF3 /* Vaccine.framework */ = {isa = PBXFileReference; explicitFileType = wrapper.framework; includeInIndex = 0; path = Vaccine.framework; sourceTree = BUILT_PRODUCTS_DIR; };
		D284B1041F79038B00D94AF3 /* Vaccine-tvOS-Tests.xctest */ = {isa = PBXFileReference; explicitFileType = wrapper.cfbundle; includeInIndex = 0; path = "Vaccine-tvOS-Tests.xctest"; sourceTree = BUILT_PRODUCTS_DIR; };
		D284B12E1F7906DA00D94AF3 /* NSApplicationDelegateTests.swift */ = {isa = PBXFileReference; fileEncoding = 4; lastKnownFileType = sourcecode.swift; path = NSApplicationDelegateTests.swift; sourceTree = "<group>"; };
		D284B12F1F7906DA00D94AF3 /* Info-iOS-Tests.plist */ = {isa = PBXFileReference; fileEncoding = 4; lastKnownFileType = text.plist.xml; path = "Info-iOS-Tests.plist"; sourceTree = "<group>"; };
		D284B1301F7906DA00D94AF3 /* Info-tvOS-Tests.plist */ = {isa = PBXFileReference; fileEncoding = 4; lastKnownFileType = text.plist.xml; path = "Info-tvOS-Tests.plist"; sourceTree = "<group>"; };
		D284B1321F7906DA00D94AF3 /* NSObjectTests.swift */ = {isa = PBXFileReference; fileEncoding = 4; lastKnownFileType = sourcecode.swift; path = NSObjectTests.swift; sourceTree = "<group>"; };
		D284B1331F7906DA00D94AF3 /* Info-macOS-Tests.plist */ = {isa = PBXFileReference; fileEncoding = 4; lastKnownFileType = text.plist.xml; path = "Info-macOS-Tests.plist"; sourceTree = "<group>"; };
		D284B1361F7906DA00D94AF3 /* iOStvOSTests.swift */ = {isa = PBXFileReference; fileEncoding = 4; lastKnownFileType = sourcecode.swift; path = iOStvOSTests.swift; sourceTree = "<group>"; };
		D284B1401F79081F00D94AF3 /* Info-iOS.plist */ = {isa = PBXFileReference; lastKnownFileType = text.plist.xml; path = "Info-iOS.plist"; sourceTree = "<group>"; };
		D284B1411F79081F00D94AF3 /* Info-macOS.plist */ = {isa = PBXFileReference; lastKnownFileType = text.plist.xml; path = "Info-macOS.plist"; sourceTree = "<group>"; };
		D284B1421F79081F00D94AF3 /* Info-tvOS.plist */ = {isa = PBXFileReference; lastKnownFileType = text.plist.xml; path = "Info-tvOS.plist"; sourceTree = "<group>"; };
		D284B1431F79081F00D94AF3 /* Info-watchOS.plist */ = {isa = PBXFileReference; lastKnownFileType = text.plist.xml; path = "Info-watchOS.plist"; sourceTree = "<group>"; };
		D500FD111C3AABED00782D78 /* Playground-iOS.playground */ = {isa = PBXFileReference; lastKnownFileType = file.playground; path = "Playground-iOS.playground"; sourceTree = "<group>"; xcLanguageSpecificationIdentifier = xcode.lang.swift; };
		D500FD121C3AAC8E00782D78 /* Playground-macOS.playground */ = {isa = PBXFileReference; lastKnownFileType = file.playground; path = "Playground-macOS.playground"; sourceTree = "<group>"; xcLanguageSpecificationIdentifier = xcode.lang.swift; };
		D5B2E89F1C3A780C00C0327D /* Vaccine.framework */ = {isa = PBXFileReference; explicitFileType = wrapper.framework; includeInIndex = 0; path = Vaccine.framework; sourceTree = BUILT_PRODUCTS_DIR; };
		D5B2E8A91C3A780C00C0327D /* Vaccine-iOS-Tests.xctest */ = {isa = PBXFileReference; explicitFileType = wrapper.cfbundle; includeInIndex = 0; path = "Vaccine-iOS-Tests.xctest"; sourceTree = BUILT_PRODUCTS_DIR; };
		D5C629401C3A7FAA007F7B7C /* Vaccine.framework */ = {isa = PBXFileReference; explicitFileType = wrapper.framework; includeInIndex = 0; path = Vaccine.framework; sourceTree = BUILT_PRODUCTS_DIR; };
		D5C629491C3A7FAA007F7B7C /* Vaccine-macOS-Tests.xctest */ = {isa = PBXFileReference; explicitFileType = wrapper.cfbundle; includeInIndex = 0; path = "Vaccine-macOS-Tests.xctest"; sourceTree = BUILT_PRODUCTS_DIR; };
/* End PBXFileReference section */

/* Begin PBXFrameworksBuildPhase section */
		D284B0F81F79038B00D94AF3 /* Frameworks */ = {
			isa = PBXFrameworksBuildPhase;
			buildActionMask = 2147483647;
			files = (
			);
			runOnlyForDeploymentPostprocessing = 0;
		};
		D284B1011F79038B00D94AF3 /* Frameworks */ = {
			isa = PBXFrameworksBuildPhase;
			buildActionMask = 2147483647;
			files = (
				D284B1051F79038B00D94AF3 /* Vaccine.framework in Frameworks */,
			);
			runOnlyForDeploymentPostprocessing = 0;
		};
		D5B2E89B1C3A780C00C0327D /* Frameworks */ = {
			isa = PBXFrameworksBuildPhase;
			buildActionMask = 2147483647;
			files = (
			);
			runOnlyForDeploymentPostprocessing = 0;
		};
		D5B2E8A61C3A780C00C0327D /* Frameworks */ = {
			isa = PBXFrameworksBuildPhase;
			buildActionMask = 2147483647;
			files = (
				D5B2E8AA1C3A780C00C0327D /* Vaccine.framework in Frameworks */,
			);
			runOnlyForDeploymentPostprocessing = 0;
		};
		D5C6293C1C3A7FAA007F7B7C /* Frameworks */ = {
			isa = PBXFrameworksBuildPhase;
			buildActionMask = 2147483647;
			files = (
			);
			runOnlyForDeploymentPostprocessing = 0;
		};
		D5C629461C3A7FAA007F7B7C /* Frameworks */ = {
			isa = PBXFrameworksBuildPhase;
			buildActionMask = 2147483647;
			files = (
				D5C6294A1C3A7FAA007F7B7C /* Vaccine.framework in Frameworks */,
			);
			runOnlyForDeploymentPostprocessing = 0;
		};
/* End PBXFrameworksBuildPhase section */

/* Begin PBXGroup section */
		BD2F6E6220C93B2000621BC8 /* iOS */ = {
			isa = PBXGroup;
			children = (
				BD2F6E6320C93B3200621BC8 /* UIScreenTests.swift */,
			);
			name = iOS;
			path = Tests/iOS;
			sourceTree = SOURCE_ROOT;
		};
		BDEA432920C921AA00CF30A2 /* iOS */ = {
			isa = PBXGroup;
			children = (
				BDEA432520C9216C00CF30A2 /* UIScreen+Extensions.swift */,
				BDEA432A20C921B600CF30A2 /* Device.swift */,
			);
			path = iOS;
			sourceTree = "<group>";
		};
		D284B0F41F79024300D94AF3 /* macOS */ = {
			isa = PBXGroup;
			children = (
				BD6AC87420B6D5ED00CBE8BA /* NSApplicationDelegate+Extensions.swift */,
				BD592EB720B837BB006DE955 /* NSViewController+Extensions.swift */,
			);
			path = macOS;
			sourceTree = "<group>";
		};
		D284B1211F79041300D94AF3 /* watchOS */ = {
			isa = PBXGroup;
			children = (
			);
			path = watchOS;
			sourceTree = "<group>";
		};
		D284B12D1F7906DA00D94AF3 /* macOS */ = {
			isa = PBXGroup;
			children = (
				D284B12E1F7906DA00D94AF3 /* NSApplicationDelegateTests.swift */,
				BD6F516220B73CC6001E113B /* ViewControllerTests.swift */,
			);
			path = macOS;
			sourceTree = "<group>";
		};
		D284B1311F7906DA00D94AF3 /* Shared */ = {
			isa = PBXGroup;
			children = (
				D284B1321F7906DA00D94AF3 /* NSObjectTests.swift */,
				BD6F515E20B73A6E001E113B /* Utilities.swift */,
				BD5FC7EE20B8054500A08D21 /* InjectionTests.swift */,
			);
			path = Shared;
			sourceTree = "<group>";
		};
		D284B1351F7906DA00D94AF3 /* iOS+tvOS */ = {
			isa = PBXGroup;
			children = (
				D284B1361F7906DA00D94AF3 /* iOStvOSTests.swift */,
				BD6F516420B74455001E113B /* UIApplicationDelegateTests.swift */,
				BD6F516720B74475001E113B /* ViewControllerTests.swift */,
			);
			path = "iOS+tvOS";
			sourceTree = "<group>";
		};
		D284B13F1F79081F00D94AF3 /* Info */ = {
			isa = PBXGroup;
			children = (
				D284B1401F79081F00D94AF3 /* Info-iOS.plist */,
				D284B1411F79081F00D94AF3 /* Info-macOS.plist */,
				D284B1421F79081F00D94AF3 /* Info-tvOS.plist */,
				D284B1431F79081F00D94AF3 /* Info-watchOS.plist */,
			);
			path = Info;
			sourceTree = "<group>";
		};
		D5B2E8951C3A780C00C0327D = {
			isa = PBXGroup;
			children = (
				BD6AC87B20B6D65700CBE8BA /* README.md */,
				BD6AC87A20B6D65700CBE8BA /* Vaccine.podspec */,
				D500FD111C3AABED00782D78 /* Playground-iOS.playground */,
				D500FD121C3AAC8E00782D78 /* Playground-macOS.playground */,
				D284B13F1F79081F00D94AF3 /* Info */,
				D5C629691C3A809D007F7B7C /* Source */,
				D5C6298F1C3A8BDA007F7B7C /* Tests */,
				D5B2E8A01C3A780C00C0327D /* Products */,
			);
			sourceTree = "<group>";
		};
		D5B2E8A01C3A780C00C0327D /* Products */ = {
			isa = PBXGroup;
			children = (
				D5B2E89F1C3A780C00C0327D /* Vaccine.framework */,
				D5B2E8A91C3A780C00C0327D /* Vaccine-iOS-Tests.xctest */,
				D5C629401C3A7FAA007F7B7C /* Vaccine.framework */,
				D5C629491C3A7FAA007F7B7C /* Vaccine-macOS-Tests.xctest */,
				D284B0FC1F79038B00D94AF3 /* Vaccine.framework */,
				D284B1041F79038B00D94AF3 /* Vaccine-tvOS-Tests.xctest */,
			);
			name = Products;
			sourceTree = "<group>";
		};
		D5C629691C3A809D007F7B7C /* Source */ = {
			isa = PBXGroup;
			children = (
				BDEA432920C921AA00CF30A2 /* iOS */,
				D5C6296A1C3A809D007F7B7C /* iOS+tvOS */,
				D284B0F41F79024300D94AF3 /* macOS */,
				D5C6296E1C3A809D007F7B7C /* Shared */,
				D284B1211F79041300D94AF3 /* watchOS */,
			);
			path = Source;
			sourceTree = "<group>";
		};
		D5C6296A1C3A809D007F7B7C /* iOS+tvOS */ = {
			isa = PBXGroup;
			children = (
				BD6AC87120B6D5C800CBE8BA /* UIApplicationDelegate+Extensions.swift */,
				BD5FC7F220B80D8500A08D21 /* UIViewController+Extensions.swift */,
			);
			path = "iOS+tvOS";
			sourceTree = "<group>";
		};
		D5C6296E1C3A809D007F7B7C /* Shared */ = {
			isa = PBXGroup;
			children = (
				BD2C456D21385A2D00C17BD6 /* CollectionView+Extensions.swift */,
				BD7242CA20CFBF080006DCF7 /* DispatchQueue.swift */,
				BD6F516A20B7D6BA001E113B /* Injection.swift */,
				BD6AC87620B6D61B00CBE8BA /* NSObject+Extensions.swift */,
				BD7242C620CFBE760006DCF7 /* Swizzling.swift */,
				BD2C457021385AD900C17BD6 /* TableView+Extensions.swift */,
				BD4B8C4920C860CB00836815 /* TypeAlias.swift */,
				BDFC75872135307B001610EC /* View+Extensions.swift */,
				BD7242CE20CFC0CB0006DCF7 /* ViewController+Extensions.swift */,
				BD0701C2214B10150065C97F /* CollectionViewLayout+Extensions.swift */,
			);
			path = Shared;
			sourceTree = "<group>";
		};
		D5C6298F1C3A8BDA007F7B7C /* Tests */ = {
			isa = PBXGroup;
			children = (
				D284B12F1F7906DA00D94AF3 /* Info-iOS-Tests.plist */,
				D284B1331F7906DA00D94AF3 /* Info-macOS-Tests.plist */,
				D284B1301F7906DA00D94AF3 /* Info-tvOS-Tests.plist */,
				BD2F6E6220C93B2000621BC8 /* iOS */,
				D284B1351F7906DA00D94AF3 /* iOS+tvOS */,
				D284B12D1F7906DA00D94AF3 /* macOS */,
				D284B1311F7906DA00D94AF3 /* Shared */,
			);
			path = Tests;
			sourceTree = "<group>";
		};
/* End PBXGroup section */

/* Begin PBXHeadersBuildPhase section */
		D284B0F91F79038B00D94AF3 /* Headers */ = {
			isa = PBXHeadersBuildPhase;
			buildActionMask = 2147483647;
			files = (
			);
			runOnlyForDeploymentPostprocessing = 0;
		};
		D5B2E89C1C3A780C00C0327D /* Headers */ = {
			isa = PBXHeadersBuildPhase;
			buildActionMask = 2147483647;
			files = (
			);
			runOnlyForDeploymentPostprocessing = 0;
		};
		D5C6293D1C3A7FAA007F7B7C /* Headers */ = {
			isa = PBXHeadersBuildPhase;
			buildActionMask = 2147483647;
			files = (
			);
			runOnlyForDeploymentPostprocessing = 0;
		};
/* End PBXHeadersBuildPhase section */

/* Begin PBXNativeTarget section */
		D284B0FB1F79038B00D94AF3 /* Vaccine-tvOS */ = {
			isa = PBXNativeTarget;
			buildConfigurationList = D284B10D1F79038B00D94AF3 /* Build configuration list for PBXNativeTarget "Vaccine-tvOS" */;
			buildPhases = (
				D284B0F71F79038B00D94AF3 /* Sources */,
				D284B0F81F79038B00D94AF3 /* Frameworks */,
				D284B0F91F79038B00D94AF3 /* Headers */,
				D284B0FA1F79038B00D94AF3 /* Resources */,
			);
			buildRules = (
			);
			dependencies = (
			);
			name = "Vaccine-tvOS";
			productName = "Vaccine-tvOS";
			productReference = D284B0FC1F79038B00D94AF3 /* Vaccine.framework */;
			productType = "com.apple.product-type.framework";
		};
		D284B1031F79038B00D94AF3 /* Vaccine-tvOS-Tests */ = {
			isa = PBXNativeTarget;
			buildConfigurationList = D284B1101F79038B00D94AF3 /* Build configuration list for PBXNativeTarget "Vaccine-tvOS-Tests" */;
			buildPhases = (
				D284B1001F79038B00D94AF3 /* Sources */,
				D284B1011F79038B00D94AF3 /* Frameworks */,
				D284B1021F79038B00D94AF3 /* Resources */,
			);
			buildRules = (
			);
			dependencies = (
				D284B1071F79038B00D94AF3 /* PBXTargetDependency */,
			);
			name = "Vaccine-tvOS-Tests";
			productName = "Vaccine-tvOSTests";
			productReference = D284B1041F79038B00D94AF3 /* Vaccine-tvOS-Tests.xctest */;
			productType = "com.apple.product-type.bundle.unit-test";
		};
		D5B2E89E1C3A780C00C0327D /* Vaccine-iOS */ = {
			isa = PBXNativeTarget;
			buildConfigurationList = D5B2E8B31C3A780C00C0327D /* Build configuration list for PBXNativeTarget "Vaccine-iOS" */;
			buildPhases = (
				D5B2E89A1C3A780C00C0327D /* Sources */,
				D5B2E89B1C3A780C00C0327D /* Frameworks */,
				D5B2E89C1C3A780C00C0327D /* Headers */,
				D5B2E89D1C3A780C00C0327D /* Resources */,
			);
			buildRules = (
			);
			dependencies = (
			);
			name = "Vaccine-iOS";
			productName = Vaccine;
			productReference = D5B2E89F1C3A780C00C0327D /* Vaccine.framework */;
			productType = "com.apple.product-type.framework";
		};
		D5B2E8A81C3A780C00C0327D /* Vaccine-iOS-Tests */ = {
			isa = PBXNativeTarget;
			buildConfigurationList = D5B2E8B61C3A780C00C0327D /* Build configuration list for PBXNativeTarget "Vaccine-iOS-Tests" */;
			buildPhases = (
				D5B2E8A51C3A780C00C0327D /* Sources */,
				D5B2E8A61C3A780C00C0327D /* Frameworks */,
				D5B2E8A71C3A780C00C0327D /* Resources */,
			);
			buildRules = (
			);
			dependencies = (
				D5B2E8AC1C3A780C00C0327D /* PBXTargetDependency */,
			);
			name = "Vaccine-iOS-Tests";
			productName = VaccineTests;
			productReference = D5B2E8A91C3A780C00C0327D /* Vaccine-iOS-Tests.xctest */;
			productType = "com.apple.product-type.bundle.unit-test";
		};
		D5C6293F1C3A7FAA007F7B7C /* Vaccine-macOS */ = {
			isa = PBXNativeTarget;
			buildConfigurationList = D5C629511C3A7FAA007F7B7C /* Build configuration list for PBXNativeTarget "Vaccine-macOS" */;
			buildPhases = (
				D5C6293B1C3A7FAA007F7B7C /* Sources */,
				D5C6293C1C3A7FAA007F7B7C /* Frameworks */,
				D5C6293D1C3A7FAA007F7B7C /* Headers */,
				D5C6293E1C3A7FAA007F7B7C /* Resources */,
			);
			buildRules = (
			);
			dependencies = (
			);
			name = "Vaccine-macOS";
			productName = "Vaccine-Mac";
			productReference = D5C629401C3A7FAA007F7B7C /* Vaccine.framework */;
			productType = "com.apple.product-type.framework";
		};
		D5C629481C3A7FAA007F7B7C /* Vaccine-macOS-Tests */ = {
			isa = PBXNativeTarget;
			buildConfigurationList = D5C629541C3A7FAA007F7B7C /* Build configuration list for PBXNativeTarget "Vaccine-macOS-Tests" */;
			buildPhases = (
				D5C629451C3A7FAA007F7B7C /* Sources */,
				D5C629461C3A7FAA007F7B7C /* Frameworks */,
				D5C629471C3A7FAA007F7B7C /* Resources */,
			);
			buildRules = (
			);
			dependencies = (
				D5C6294C1C3A7FAA007F7B7C /* PBXTargetDependency */,
			);
			name = "Vaccine-macOS-Tests";
			productName = "Vaccine-MacTests";
			productReference = D5C629491C3A7FAA007F7B7C /* Vaccine-macOS-Tests.xctest */;
			productType = "com.apple.product-type.bundle.unit-test";
		};
/* End PBXNativeTarget section */

/* Begin PBXProject section */
		D5B2E8961C3A780C00C0327D /* Project object */ = {
			isa = PBXProject;
			attributes = {
				LastSwiftUpdateCheck = 0900;
				LastUpgradeCheck = 0930;
				ORGANIZATIONNAME = "Christoffer Winterkvist";
				TargetAttributes = {
					D284B0FB1F79038B00D94AF3 = {
						CreatedOnToolsVersion = 9.0;
						LastSwiftMigration = 0930;
						ProvisioningStyle = Automatic;
					};
					D284B1031F79038B00D94AF3 = {
						CreatedOnToolsVersion = 9.0;
						LastSwiftMigration = 0900;
						ProvisioningStyle = Automatic;
					};
					D5B2E89E1C3A780C00C0327D = {
						CreatedOnToolsVersion = 7.2;
						LastSwiftMigration = 0930;
					};
					D5B2E8A81C3A780C00C0327D = {
						CreatedOnToolsVersion = 7.2;
						LastSwiftMigration = 0900;
					};
					D5C6293F1C3A7FAA007F7B7C = {
						CreatedOnToolsVersion = 7.2;
						LastSwiftMigration = 0930;
					};
					D5C629481C3A7FAA007F7B7C = {
						CreatedOnToolsVersion = 7.2;
					};
				};
			};
			buildConfigurationList = D5B2E8991C3A780C00C0327D /* Build configuration list for PBXProject "Vaccine" */;
			compatibilityVersion = "Xcode 3.2";
			developmentRegion = English;
			hasScannedForEncodings = 0;
			knownRegions = (
				en,
			);
			mainGroup = D5B2E8951C3A780C00C0327D;
			productRefGroup = D5B2E8A01C3A780C00C0327D /* Products */;
			projectDirPath = "";
			projectRoot = "";
			targets = (
				D5B2E89E1C3A780C00C0327D /* Vaccine-iOS */,
				D5B2E8A81C3A780C00C0327D /* Vaccine-iOS-Tests */,
				D5C6293F1C3A7FAA007F7B7C /* Vaccine-macOS */,
				D5C629481C3A7FAA007F7B7C /* Vaccine-macOS-Tests */,
				D284B0FB1F79038B00D94AF3 /* Vaccine-tvOS */,
				D284B1031F79038B00D94AF3 /* Vaccine-tvOS-Tests */,
			);
		};
/* End PBXProject section */

/* Begin PBXResourcesBuildPhase section */
		D284B0FA1F79038B00D94AF3 /* Resources */ = {
			isa = PBXResourcesBuildPhase;
			buildActionMask = 2147483647;
			files = (
			);
			runOnlyForDeploymentPostprocessing = 0;
		};
		D284B1021F79038B00D94AF3 /* Resources */ = {
			isa = PBXResourcesBuildPhase;
			buildActionMask = 2147483647;
			files = (
			);
			runOnlyForDeploymentPostprocessing = 0;
		};
		D5B2E89D1C3A780C00C0327D /* Resources */ = {
			isa = PBXResourcesBuildPhase;
			buildActionMask = 2147483647;
			files = (
			);
			runOnlyForDeploymentPostprocessing = 0;
		};
		D5B2E8A71C3A780C00C0327D /* Resources */ = {
			isa = PBXResourcesBuildPhase;
			buildActionMask = 2147483647;
			files = (
			);
			runOnlyForDeploymentPostprocessing = 0;
		};
		D5C6293E1C3A7FAA007F7B7C /* Resources */ = {
			isa = PBXResourcesBuildPhase;
			buildActionMask = 2147483647;
			files = (
			);
			runOnlyForDeploymentPostprocessing = 0;
		};
		D5C629471C3A7FAA007F7B7C /* Resources */ = {
			isa = PBXResourcesBuildPhase;
			buildActionMask = 2147483647;
			files = (
			);
			runOnlyForDeploymentPostprocessing = 0;
		};
/* End PBXResourcesBuildPhase section */

/* Begin PBXSourcesBuildPhase section */
		D284B0F71F79038B00D94AF3 /* Sources */ = {
			isa = PBXSourcesBuildPhase;
			buildActionMask = 2147483647;
			files = (
				BD0701C5214B10150065C97F /* CollectionViewLayout+Extensions.swift in Sources */,
				BD6F516D20B7D6BA001E113B /* Injection.swift in Sources */,
				BDFC758A2135307B001610EC /* View+Extensions.swift in Sources */,
				BD2C456F21385A2D00C17BD6 /* CollectionView+Extensions.swift in Sources */,
				BD7242C920CFBE760006DCF7 /* Swizzling.swift in Sources */,
				BD6AC87320B6D5C800CBE8BA /* UIApplicationDelegate+Extensions.swift in Sources */,
				BD5FC7F420B80D8500A08D21 /* UIViewController+Extensions.swift in Sources */,
				BD7242D120CFC0CB0006DCF7 /* ViewController+Extensions.swift in Sources */,
				BD2C457221385AD900C17BD6 /* TableView+Extensions.swift in Sources */,
				BD6AC87920B6D61B00CBE8BA /* NSObject+Extensions.swift in Sources */,
				BD7242CD20CFBF080006DCF7 /* DispatchQueue.swift in Sources */,
				BD4B8C4C20C860CB00836815 /* TypeAlias.swift in Sources */,
			);
			runOnlyForDeploymentPostprocessing = 0;
		};
		D284B1001F79038B00D94AF3 /* Sources */ = {
			isa = PBXSourcesBuildPhase;
			buildActionMask = 2147483647;
			files = (
				BD6F516120B73A6E001E113B /* Utilities.swift in Sources */,
				BD5FC7F120B8054500A08D21 /* InjectionTests.swift in Sources */,
				BD6F516620B74455001E113B /* UIApplicationDelegateTests.swift in Sources */,
				BD6F516920B74475001E113B /* ViewControllerTests.swift in Sources */,
				D284B1441F7908B100D94AF3 /* NSObjectTests.swift in Sources */,
			);
			runOnlyForDeploymentPostprocessing = 0;
		};
		D5B2E89A1C3A780C00C0327D /* Sources */ = {
			isa = PBXSourcesBuildPhase;
			buildActionMask = 2147483647;
			files = (
				BD6F516B20B7D6BA001E113B /* Injection.swift in Sources */,
				BDEA432620C9216C00CF30A2 /* UIScreen+Extensions.swift in Sources */,
				BD0701C3214B10150065C97F /* CollectionViewLayout+Extensions.swift in Sources */,
				BDFC75882135307B001610EC /* View+Extensions.swift in Sources */,
				BD6AC87220B6D5C800CBE8BA /* UIApplicationDelegate+Extensions.swift in Sources */,
				BD7242C720CFBE760006DCF7 /* Swizzling.swift in Sources */,
				BD5FC7F320B80D8500A08D21 /* UIViewController+Extensions.swift in Sources */,
				BD6AC87720B6D61B00CBE8BA /* NSObject+Extensions.swift in Sources */,
				BD7242CF20CFC0CB0006DCF7 /* ViewController+Extensions.swift in Sources */,
				BD2C457121385AD900C17BD6 /* TableView+Extensions.swift in Sources */,
				BD2C456E21385A2D00C17BD6 /* CollectionView+Extensions.swift in Sources */,
				BDEA432B20C921B600CF30A2 /* Device.swift in Sources */,
				BD4B8C4A20C860CB00836815 /* TypeAlias.swift in Sources */,
				BD7242CB20CFBF080006DCF7 /* DispatchQueue.swift in Sources */,
			);
			runOnlyForDeploymentPostprocessing = 0;
		};
		D5B2E8A51C3A780C00C0327D /* Sources */ = {
			isa = PBXSourcesBuildPhase;
			buildActionMask = 2147483647;
			files = (
				BD6F516820B74475001E113B /* ViewControllerTests.swift in Sources */,
				BD6F515F20B73A6E001E113B /* Utilities.swift in Sources */,
				D284B1461F7908B300D94AF3 /* NSObjectTests.swift in Sources */,
				BD2F6E6420C93B3200621BC8 /* UIScreenTests.swift in Sources */,
				BD5FC7EF20B8054500A08D21 /* InjectionTests.swift in Sources */,
				BD6F516520B74455001E113B /* UIApplicationDelegateTests.swift in Sources */,
				D284B1471F7908B800D94AF3 /* iOStvOSTests.swift in Sources */,
			);
			runOnlyForDeploymentPostprocessing = 0;
		};
		D5C6293B1C3A7FAA007F7B7C /* Sources */ = {
			isa = PBXSourcesBuildPhase;
			buildActionMask = 2147483647;
			files = (
				BD0701C4214B10150065C97F /* CollectionViewLayout+Extensions.swift in Sources */,
				BD6F516C20B7D6BA001E113B /* Injection.swift in Sources */,
				BDFC75892135307B001610EC /* View+Extensions.swift in Sources */,
				BD2C457321385BAD00C17BD6 /* CollectionView+Extensions.swift in Sources */,
				BD7242C820CFBE760006DCF7 /* Swizzling.swift in Sources */,
				BD592EB820B837BB006DE955 /* NSViewController+Extensions.swift in Sources */,
				BD6AC87520B6D5ED00CBE8BA /* NSApplicationDelegate+Extensions.swift in Sources */,
				BD7242D020CFC0CB0006DCF7 /* ViewController+Extensions.swift in Sources */,
				BD2C457421385BB600C17BD6 /* TableView+Extensions.swift in Sources */,
				BD6AC87820B6D61B00CBE8BA /* NSObject+Extensions.swift in Sources */,
				BD7242CC20CFBF080006DCF7 /* DispatchQueue.swift in Sources */,
				BD4B8C4B20C860CB00836815 /* TypeAlias.swift in Sources */,
			);
			runOnlyForDeploymentPostprocessing = 0;
		};
		D5C629451C3A7FAA007F7B7C /* Sources */ = {
			isa = PBXSourcesBuildPhase;
			buildActionMask = 2147483647;
			files = (
				BD6F516020B73A6E001E113B /* Utilities.swift in Sources */,
				BD5FC7F020B8054500A08D21 /* InjectionTests.swift in Sources */,
				D284B1451F7908B200D94AF3 /* NSObjectTests.swift in Sources */,
				BD6F516320B73CC6001E113B /* ViewControllerTests.swift in Sources */,
				D284B1481F7908BB00D94AF3 /* NSApplicationDelegateTests.swift in Sources */,
			);
			runOnlyForDeploymentPostprocessing = 0;
		};
/* End PBXSourcesBuildPhase section */

/* Begin PBXTargetDependency section */
		D284B1071F79038B00D94AF3 /* PBXTargetDependency */ = {
			isa = PBXTargetDependency;
			target = D284B0FB1F79038B00D94AF3 /* Vaccine-tvOS */;
			targetProxy = D284B1061F79038B00D94AF3 /* PBXContainerItemProxy */;
		};
		D5B2E8AC1C3A780C00C0327D /* PBXTargetDependency */ = {
			isa = PBXTargetDependency;
			target = D5B2E89E1C3A780C00C0327D /* Vaccine-iOS */;
			targetProxy = D5B2E8AB1C3A780C00C0327D /* PBXContainerItemProxy */;
		};
		D5C6294C1C3A7FAA007F7B7C /* PBXTargetDependency */ = {
			isa = PBXTargetDependency;
			target = D5C6293F1C3A7FAA007F7B7C /* Vaccine-macOS */;
			targetProxy = D5C6294B1C3A7FAA007F7B7C /* PBXContainerItemProxy */;
		};
/* End PBXTargetDependency section */

/* Begin XCBuildConfiguration section */
		D284B10E1F79038B00D94AF3 /* Debug */ = {
			isa = XCBuildConfiguration;
			buildSettings = {
				CLANG_ANALYZER_NONNULL = YES;
				CLANG_ANALYZER_NUMBER_OBJECT_CONVERSION = YES_AGGRESSIVE;
				CLANG_CXX_LANGUAGE_STANDARD = "gnu++14";
				CLANG_ENABLE_MODULES = YES;
				CLANG_WARN_DOCUMENTATION_COMMENTS = YES;
				CLANG_WARN_UNGUARDED_AVAILABILITY = YES_AGGRESSIVE;
				CODE_SIGN_IDENTITY = "";
				CODE_SIGN_STYLE = Automatic;
				DEFINES_MODULE = YES;
				DYLIB_COMPATIBILITY_VERSION = 1;
				DYLIB_CURRENT_VERSION = 1;
				DYLIB_INSTALL_NAME_BASE = "@rpath";
				GCC_C_LANGUAGE_STANDARD = gnu11;
				INFOPLIST_FILE = "$(SRCROOT)/Info/Info-tvOS.plist";
				INSTALL_PATH = "$(LOCAL_LIBRARY_DIR)/Frameworks";
				LD_RUNPATH_SEARCH_PATHS = "$(inherited) @executable_path/Frameworks @loader_path/Frameworks";
				PRODUCT_BUNDLE_IDENTIFIER = "no.hyper.Vaccine-tvOS";
				PRODUCT_NAME = Vaccine;
				SDKROOT = appletvos;
				SKIP_INSTALL = YES;
				SWIFT_ACTIVE_COMPILATION_CONDITIONS = DEBUG;
				SWIFT_OPTIMIZATION_LEVEL = "-Onone";
				SWIFT_VERSION = 4.0;
				TARGETED_DEVICE_FAMILY = 3;
				TVOS_DEPLOYMENT_TARGET = 11.0;
			};
			name = Debug;
		};
		D284B10F1F79038B00D94AF3 /* Release */ = {
			isa = XCBuildConfiguration;
			buildSettings = {
				CLANG_ANALYZER_NONNULL = YES;
				CLANG_ANALYZER_NUMBER_OBJECT_CONVERSION = YES_AGGRESSIVE;
				CLANG_CXX_LANGUAGE_STANDARD = "gnu++14";
				CLANG_ENABLE_MODULES = YES;
				CLANG_WARN_DOCUMENTATION_COMMENTS = YES;
				CLANG_WARN_UNGUARDED_AVAILABILITY = YES_AGGRESSIVE;
				CODE_SIGN_IDENTITY = "";
				CODE_SIGN_STYLE = Automatic;
				DEFINES_MODULE = YES;
				DYLIB_COMPATIBILITY_VERSION = 1;
				DYLIB_CURRENT_VERSION = 1;
				DYLIB_INSTALL_NAME_BASE = "@rpath";
				GCC_C_LANGUAGE_STANDARD = gnu11;
				INFOPLIST_FILE = "$(SRCROOT)/Info/Info-tvOS.plist";
				INSTALL_PATH = "$(LOCAL_LIBRARY_DIR)/Frameworks";
				LD_RUNPATH_SEARCH_PATHS = "$(inherited) @executable_path/Frameworks @loader_path/Frameworks";
				PRODUCT_BUNDLE_IDENTIFIER = "no.hyper.Vaccine-tvOS";
				PRODUCT_NAME = Vaccine;
				SDKROOT = appletvos;
				SKIP_INSTALL = YES;
				SWIFT_VERSION = 4.0;
				TARGETED_DEVICE_FAMILY = 3;
				TVOS_DEPLOYMENT_TARGET = 11.0;
			};
			name = Release;
		};
		D284B1111F79038B00D94AF3 /* Debug */ = {
			isa = XCBuildConfiguration;
			buildSettings = {
				ALWAYS_EMBED_SWIFT_STANDARD_LIBRARIES = YES;
				CLANG_ANALYZER_NONNULL = YES;
				CLANG_ANALYZER_NUMBER_OBJECT_CONVERSION = YES_AGGRESSIVE;
				CLANG_CXX_LANGUAGE_STANDARD = "gnu++14";
				CLANG_ENABLE_MODULES = YES;
				CLANG_WARN_DOCUMENTATION_COMMENTS = YES;
				CLANG_WARN_UNGUARDED_AVAILABILITY = YES_AGGRESSIVE;
				CODE_SIGN_STYLE = Automatic;
				GCC_C_LANGUAGE_STANDARD = gnu11;
				INFOPLIST_FILE = "$(SRCROOT)/Tests/Info-tvOS-Tests.plist";
				LD_RUNPATH_SEARCH_PATHS = "$(inherited) @executable_path/Frameworks @loader_path/Frameworks $(FRAMEWORK_SEARCH_PATHS)";
				PRODUCT_BUNDLE_IDENTIFIER = "no.hyper.Vaccine-tvOSTests";
				PRODUCT_NAME = "$(TARGET_NAME)";
				SDKROOT = appletvos;
				SWIFT_ACTIVE_COMPILATION_CONDITIONS = DEBUG;
				SWIFT_OPTIMIZATION_LEVEL = "-Onone";
				SWIFT_VERSION = 4.0;
				TARGETED_DEVICE_FAMILY = 3;
				TVOS_DEPLOYMENT_TARGET = 11.0;
			};
			name = Debug;
		};
		D284B1121F79038B00D94AF3 /* Release */ = {
			isa = XCBuildConfiguration;
			buildSettings = {
				ALWAYS_EMBED_SWIFT_STANDARD_LIBRARIES = YES;
				CLANG_ANALYZER_NONNULL = YES;
				CLANG_ANALYZER_NUMBER_OBJECT_CONVERSION = YES_AGGRESSIVE;
				CLANG_CXX_LANGUAGE_STANDARD = "gnu++14";
				CLANG_ENABLE_MODULES = YES;
				CLANG_WARN_DOCUMENTATION_COMMENTS = YES;
				CLANG_WARN_UNGUARDED_AVAILABILITY = YES_AGGRESSIVE;
				CODE_SIGN_STYLE = Automatic;
				GCC_C_LANGUAGE_STANDARD = gnu11;
				INFOPLIST_FILE = "$(SRCROOT)/Tests/Info-tvOS-Tests.plist";
				LD_RUNPATH_SEARCH_PATHS = "$(inherited) @executable_path/Frameworks @loader_path/Frameworks $(FRAMEWORK_SEARCH_PATHS)";
				PRODUCT_BUNDLE_IDENTIFIER = "no.hyper.Vaccine-tvOSTests";
				PRODUCT_NAME = "$(TARGET_NAME)";
				SDKROOT = appletvos;
				SWIFT_VERSION = 4.0;
				TARGETED_DEVICE_FAMILY = 3;
				TVOS_DEPLOYMENT_TARGET = 11.0;
			};
			name = Release;
		};
		D5B2E8B11C3A780C00C0327D /* Debug */ = {
			isa = XCBuildConfiguration;
			buildSettings = {
				ALWAYS_SEARCH_USER_PATHS = NO;
				CLANG_CXX_LANGUAGE_STANDARD = "gnu++0x";
				CLANG_CXX_LIBRARY = "libc++";
				CLANG_ENABLE_MODULES = YES;
				CLANG_ENABLE_OBJC_ARC = YES;
				CLANG_WARN_BLOCK_CAPTURE_AUTORELEASING = YES;
				CLANG_WARN_BOOL_CONVERSION = YES;
				CLANG_WARN_COMMA = YES;
				CLANG_WARN_CONSTANT_CONVERSION = YES;
				CLANG_WARN_DEPRECATED_OBJC_IMPLEMENTATIONS = YES;
				CLANG_WARN_DIRECT_OBJC_ISA_USAGE = YES_ERROR;
				CLANG_WARN_EMPTY_BODY = YES;
				CLANG_WARN_ENUM_CONVERSION = YES;
				CLANG_WARN_INFINITE_RECURSION = YES;
				CLANG_WARN_INT_CONVERSION = YES;
				CLANG_WARN_NON_LITERAL_NULL_CONVERSION = YES;
				CLANG_WARN_OBJC_IMPLICIT_RETAIN_SELF = YES;
				CLANG_WARN_OBJC_LITERAL_CONVERSION = YES;
				CLANG_WARN_OBJC_ROOT_CLASS = YES_ERROR;
				CLANG_WARN_RANGE_LOOP_ANALYSIS = YES;
				CLANG_WARN_STRICT_PROTOTYPES = YES;
				CLANG_WARN_SUSPICIOUS_MOVE = YES;
				CLANG_WARN_UNREACHABLE_CODE = YES;
				CLANG_WARN__DUPLICATE_METHOD_MATCH = YES;
				"CODE_SIGN_IDENTITY[sdk=iphoneos*]" = "iPhone Developer";
				COPY_PHASE_STRIP = NO;
				CURRENT_PROJECT_VERSION = 1;
				DEBUG_INFORMATION_FORMAT = dwarf;
				ENABLE_STRICT_OBJC_MSGSEND = YES;
				ENABLE_TESTABILITY = YES;
				GCC_C_LANGUAGE_STANDARD = gnu99;
				GCC_DYNAMIC_NO_PIC = NO;
				GCC_NO_COMMON_BLOCKS = YES;
				GCC_OPTIMIZATION_LEVEL = 0;
				GCC_PREPROCESSOR_DEFINITIONS = (
					"DEBUG=1",
					"$(inherited)",
				);
				GCC_WARN_64_TO_32_BIT_CONVERSION = YES;
				GCC_WARN_ABOUT_RETURN_TYPE = YES_ERROR;
				GCC_WARN_UNDECLARED_SELECTOR = YES;
				GCC_WARN_UNINITIALIZED_AUTOS = YES_AGGRESSIVE;
				GCC_WARN_UNUSED_FUNCTION = YES;
				GCC_WARN_UNUSED_VARIABLE = YES;
				IPHONEOS_DEPLOYMENT_TARGET = 9.2;
				MTL_ENABLE_DEBUG_INFO = YES;
				ONLY_ACTIVE_ARCH = YES;
				SDKROOT = iphoneos;
				SWIFT_OPTIMIZATION_LEVEL = "-Onone";
				SWIFT_VERSION = 4.0;
				TARGETED_DEVICE_FAMILY = "1,2";
				VERSIONING_SYSTEM = "apple-generic";
				VERSION_INFO_PREFIX = "";
			};
			name = Debug;
		};
		D5B2E8B21C3A780C00C0327D /* Release */ = {
			isa = XCBuildConfiguration;
			buildSettings = {
				ALWAYS_SEARCH_USER_PATHS = NO;
				CLANG_CXX_LANGUAGE_STANDARD = "gnu++0x";
				CLANG_CXX_LIBRARY = "libc++";
				CLANG_ENABLE_MODULES = YES;
				CLANG_ENABLE_OBJC_ARC = YES;
				CLANG_WARN_BLOCK_CAPTURE_AUTORELEASING = YES;
				CLANG_WARN_BOOL_CONVERSION = YES;
				CLANG_WARN_COMMA = YES;
				CLANG_WARN_CONSTANT_CONVERSION = YES;
				CLANG_WARN_DEPRECATED_OBJC_IMPLEMENTATIONS = YES;
				CLANG_WARN_DIRECT_OBJC_ISA_USAGE = YES_ERROR;
				CLANG_WARN_EMPTY_BODY = YES;
				CLANG_WARN_ENUM_CONVERSION = YES;
				CLANG_WARN_INFINITE_RECURSION = YES;
				CLANG_WARN_INT_CONVERSION = YES;
				CLANG_WARN_NON_LITERAL_NULL_CONVERSION = YES;
				CLANG_WARN_OBJC_IMPLICIT_RETAIN_SELF = YES;
				CLANG_WARN_OBJC_LITERAL_CONVERSION = YES;
				CLANG_WARN_OBJC_ROOT_CLASS = YES_ERROR;
				CLANG_WARN_RANGE_LOOP_ANALYSIS = YES;
				CLANG_WARN_STRICT_PROTOTYPES = YES;
				CLANG_WARN_SUSPICIOUS_MOVE = YES;
				CLANG_WARN_UNREACHABLE_CODE = YES;
				CLANG_WARN__DUPLICATE_METHOD_MATCH = YES;
				"CODE_SIGN_IDENTITY[sdk=iphoneos*]" = "iPhone Developer";
				COPY_PHASE_STRIP = NO;
				CURRENT_PROJECT_VERSION = 1;
				DEBUG_INFORMATION_FORMAT = "dwarf-with-dsym";
				ENABLE_NS_ASSERTIONS = NO;
				ENABLE_STRICT_OBJC_MSGSEND = YES;
				GCC_C_LANGUAGE_STANDARD = gnu99;
				GCC_NO_COMMON_BLOCKS = YES;
				GCC_WARN_64_TO_32_BIT_CONVERSION = YES;
				GCC_WARN_ABOUT_RETURN_TYPE = YES_ERROR;
				GCC_WARN_UNDECLARED_SELECTOR = YES;
				GCC_WARN_UNINITIALIZED_AUTOS = YES_AGGRESSIVE;
				GCC_WARN_UNUSED_FUNCTION = YES;
				GCC_WARN_UNUSED_VARIABLE = YES;
				IPHONEOS_DEPLOYMENT_TARGET = 9.2;
				MTL_ENABLE_DEBUG_INFO = NO;
				SDKROOT = iphoneos;
				SWIFT_OPTIMIZATION_LEVEL = "-Owholemodule";
				SWIFT_VERSION = 4.0;
				TARGETED_DEVICE_FAMILY = "1,2";
				VALIDATE_PRODUCT = YES;
				VERSIONING_SYSTEM = "apple-generic";
				VERSION_INFO_PREFIX = "";
			};
			name = Release;
		};
		D5B2E8B41C3A780C00C0327D /* Debug */ = {
			isa = XCBuildConfiguration;
			buildSettings = {
				CLANG_ENABLE_MODULES = YES;
				"CODE_SIGN_IDENTITY[sdk=iphoneos*]" = "";
				DEFINES_MODULE = YES;
				DYLIB_COMPATIBILITY_VERSION = 1;
				DYLIB_CURRENT_VERSION = 1;
				DYLIB_INSTALL_NAME_BASE = "@rpath";
				INFOPLIST_FILE = "$(SRCROOT)/Info/Info-iOS.plist";
				INSTALL_PATH = "$(LOCAL_LIBRARY_DIR)/Frameworks";
				IPHONEOS_DEPLOYMENT_TARGET = 9.0;
				LD_RUNPATH_SEARCH_PATHS = "$(inherited) @executable_path/Frameworks @loader_path/Frameworks";
				PRODUCT_BUNDLE_IDENTIFIER = "com.zenangst.Vaccine-iOS";
				PRODUCT_NAME = Vaccine;
				SKIP_INSTALL = YES;
				SWIFT_OPTIMIZATION_LEVEL = "-Onone";
				SWIFT_VERSION = 4.0;
			};
			name = Debug;
		};
		D5B2E8B51C3A780C00C0327D /* Release */ = {
			isa = XCBuildConfiguration;
			buildSettings = {
				CLANG_ENABLE_MODULES = YES;
				"CODE_SIGN_IDENTITY[sdk=iphoneos*]" = "";
				DEFINES_MODULE = YES;
				DYLIB_COMPATIBILITY_VERSION = 1;
				DYLIB_CURRENT_VERSION = 1;
				DYLIB_INSTALL_NAME_BASE = "@rpath";
				INFOPLIST_FILE = "$(SRCROOT)/Info/Info-iOS.plist";
				INSTALL_PATH = "$(LOCAL_LIBRARY_DIR)/Frameworks";
				IPHONEOS_DEPLOYMENT_TARGET = 9.0;
				LD_RUNPATH_SEARCH_PATHS = "$(inherited) @executable_path/Frameworks @loader_path/Frameworks";
				PRODUCT_BUNDLE_IDENTIFIER = "com.zenangst.Vaccine-iOS";
				PRODUCT_NAME = Vaccine;
				SKIP_INSTALL = YES;
				SWIFT_VERSION = 4.0;
			};
			name = Release;
		};
		D5B2E8B71C3A780C00C0327D /* Debug */ = {
			isa = XCBuildConfiguration;
			buildSettings = {
				ALWAYS_EMBED_SWIFT_STANDARD_LIBRARIES = YES;
				CLANG_ENABLE_MODULES = YES;
				FRAMEWORK_SEARCH_PATHS = "$(inherited)";
				INFOPLIST_FILE = "$(SRCROOT)/Tests/Info-iOS-Tests.plist";
				LD_RUNPATH_SEARCH_PATHS = "$(inherited) @executable_path/Frameworks @loader_path/Frameworks $(FRAMEWORK_SEARCH_PATHS)";
				PRODUCT_BUNDLE_IDENTIFIER = no.hyper.VaccineTests;
				PRODUCT_NAME = "$(TARGET_NAME)";
				SWIFT_OPTIMIZATION_LEVEL = "-Onone";
				SWIFT_VERSION = 4.0;
			};
			name = Debug;
		};
		D5B2E8B81C3A780C00C0327D /* Release */ = {
			isa = XCBuildConfiguration;
			buildSettings = {
				ALWAYS_EMBED_SWIFT_STANDARD_LIBRARIES = YES;
				CLANG_ENABLE_MODULES = YES;
				FRAMEWORK_SEARCH_PATHS = "$(inherited)";
				INFOPLIST_FILE = "$(SRCROOT)/Tests/Info-iOS-Tests.plist";
				LD_RUNPATH_SEARCH_PATHS = "$(inherited) @executable_path/Frameworks @loader_path/Frameworks $(FRAMEWORK_SEARCH_PATHS)";
				PRODUCT_BUNDLE_IDENTIFIER = no.hyper.VaccineTests;
				PRODUCT_NAME = "$(TARGET_NAME)";
				SWIFT_VERSION = 4.0;
			};
			name = Release;
		};
		D5C629521C3A7FAA007F7B7C /* Debug */ = {
			isa = XCBuildConfiguration;
			buildSettings = {
				CLANG_ENABLE_MODULES = YES;
				CODE_SIGN_IDENTITY = "-";
				COMBINE_HIDPI_IMAGES = YES;
				DEFINES_MODULE = YES;
				DYLIB_COMPATIBILITY_VERSION = 1;
				DYLIB_CURRENT_VERSION = 1;
				DYLIB_INSTALL_NAME_BASE = "@rpath";
				FRAMEWORK_VERSION = A;
				INFOPLIST_FILE = "$(SRCROOT)/Info/Info-macOS.plist";
				INSTALL_PATH = "$(LOCAL_LIBRARY_DIR)/Frameworks";
				LD_RUNPATH_SEARCH_PATHS = "$(inherited) @executable_path/../Frameworks @loader_path/Frameworks";
				MACOSX_DEPLOYMENT_TARGET = 10.11;
				PRODUCT_BUNDLE_IDENTIFIER = "com.zenangst.Vaccine-macOS";
				PRODUCT_NAME = Vaccine;
				SDKROOT = macosx;
				SKIP_INSTALL = YES;
				SWIFT_OPTIMIZATION_LEVEL = "-Onone";
				SWIFT_VERSION = 4.0;
			};
			name = Debug;
		};
		D5C629531C3A7FAA007F7B7C /* Release */ = {
			isa = XCBuildConfiguration;
			buildSettings = {
				CLANG_ENABLE_MODULES = YES;
				CODE_SIGN_IDENTITY = "-";
				COMBINE_HIDPI_IMAGES = YES;
				DEFINES_MODULE = YES;
				DYLIB_COMPATIBILITY_VERSION = 1;
				DYLIB_CURRENT_VERSION = 1;
				DYLIB_INSTALL_NAME_BASE = "@rpath";
				FRAMEWORK_VERSION = A;
				INFOPLIST_FILE = "$(SRCROOT)/Info/Info-macOS.plist";
				INSTALL_PATH = "$(LOCAL_LIBRARY_DIR)/Frameworks";
				LD_RUNPATH_SEARCH_PATHS = "$(inherited) @executable_path/../Frameworks @loader_path/Frameworks";
				MACOSX_DEPLOYMENT_TARGET = 10.11;
				PRODUCT_BUNDLE_IDENTIFIER = "com.zenangst.Vaccine-macOS";
				PRODUCT_NAME = Vaccine;
				SDKROOT = macosx;
				SKIP_INSTALL = YES;
				SWIFT_VERSION = 4.0;
			};
			name = Release;
		};
		D5C629551C3A7FAA007F7B7C /* Debug */ = {
			isa = XCBuildConfiguration;
			buildSettings = {
				ALWAYS_EMBED_SWIFT_STANDARD_LIBRARIES = YES;
				CODE_SIGN_IDENTITY = "-";
				COMBINE_HIDPI_IMAGES = YES;
				FRAMEWORK_SEARCH_PATHS = "$(inherited)";
				INFOPLIST_FILE = "$(SRCROOT)/Tests/Info-macOS-Tests.plist";
				LD_RUNPATH_SEARCH_PATHS = "$(inherited) @executable_path/../Frameworks @loader_path/../Frameworks $(FRAMEWORK_SEARCH_PATHS)";
				MACOSX_DEPLOYMENT_TARGET = 10.11;
				PRODUCT_BUNDLE_IDENTIFIER = "no.hyper.Vaccine-MacTests";
				PRODUCT_NAME = "$(TARGET_NAME)";
				SDKROOT = macosx;
			};
			name = Debug;
		};
		D5C629561C3A7FAA007F7B7C /* Release */ = {
			isa = XCBuildConfiguration;
			buildSettings = {
				ALWAYS_EMBED_SWIFT_STANDARD_LIBRARIES = YES;
				CODE_SIGN_IDENTITY = "-";
				COMBINE_HIDPI_IMAGES = YES;
				FRAMEWORK_SEARCH_PATHS = "$(inherited)";
				INFOPLIST_FILE = "$(SRCROOT)/Tests/Info-macOS-Tests.plist";
				LD_RUNPATH_SEARCH_PATHS = "$(inherited) @executable_path/../Frameworks @loader_path/../Frameworks $(FRAMEWORK_SEARCH_PATHS)";
				MACOSX_DEPLOYMENT_TARGET = 10.11;
				PRODUCT_BUNDLE_IDENTIFIER = "no.hyper.Vaccine-MacTests";
				PRODUCT_NAME = "$(TARGET_NAME)";
				SDKROOT = macosx;
			};
			name = Release;
		};
/* End XCBuildConfiguration section */

/* Begin XCConfigurationList section */
		D284B10D1F79038B00D94AF3 /* Build configuration list for PBXNativeTarget "Vaccine-tvOS" */ = {
			isa = XCConfigurationList;
			buildConfigurations = (
				D284B10E1F79038B00D94AF3 /* Debug */,
				D284B10F1F79038B00D94AF3 /* Release */,
			);
			defaultConfigurationIsVisible = 0;
			defaultConfigurationName = Release;
		};
		D284B1101F79038B00D94AF3 /* Build configuration list for PBXNativeTarget "Vaccine-tvOS-Tests" */ = {
			isa = XCConfigurationList;
			buildConfigurations = (
				D284B1111F79038B00D94AF3 /* Debug */,
				D284B1121F79038B00D94AF3 /* Release */,
			);
			defaultConfigurationIsVisible = 0;
			defaultConfigurationName = Release;
		};
		D5B2E8991C3A780C00C0327D /* Build configuration list for PBXProject "Vaccine" */ = {
			isa = XCConfigurationList;
			buildConfigurations = (
				D5B2E8B11C3A780C00C0327D /* Debug */,
				D5B2E8B21C3A780C00C0327D /* Release */,
			);
			defaultConfigurationIsVisible = 0;
			defaultConfigurationName = Release;
		};
		D5B2E8B31C3A780C00C0327D /* Build configuration list for PBXNativeTarget "Vaccine-iOS" */ = {
			isa = XCConfigurationList;
			buildConfigurations = (
				D5B2E8B41C3A780C00C0327D /* Debug */,
				D5B2E8B51C3A780C00C0327D /* Release */,
			);
			defaultConfigurationIsVisible = 0;
			defaultConfigurationName = Release;
		};
		D5B2E8B61C3A780C00C0327D /* Build configuration list for PBXNativeTarget "Vaccine-iOS-Tests" */ = {
			isa = XCConfigurationList;
			buildConfigurations = (
				D5B2E8B71C3A780C00C0327D /* Debug */,
				D5B2E8B81C3A780C00C0327D /* Release */,
			);
			defaultConfigurationIsVisible = 0;
			defaultConfigurationName = Release;
		};
		D5C629511C3A7FAA007F7B7C /* Build configuration list for PBXNativeTarget "Vaccine-macOS" */ = {
			isa = XCConfigurationList;
			buildConfigurations = (
				D5C629521C3A7FAA007F7B7C /* Debug */,
				D5C629531C3A7FAA007F7B7C /* Release */,
			);
			defaultConfigurationIsVisible = 0;
			defaultConfigurationName = Release;
		};
		D5C629541C3A7FAA007F7B7C /* Build configuration list for PBXNativeTarget "Vaccine-macOS-Tests" */ = {
			isa = XCConfigurationList;
			buildConfigurations = (
				D5C629551C3A7FAA007F7B7C /* Debug */,
				D5C629561C3A7FAA007F7B7C /* Release */,
			);
			defaultConfigurationIsVisible = 0;
			defaultConfigurationName = Release;
		};
/* End XCConfigurationList section */
	};
	rootObject = D5B2E8961C3A780C00C0327D /* Project object */;
}
